# Generated by pub
# See http://pub.dartlang.org/doc/glossary.html#lockfile
packages:
  analyzer:
    description: analyzer
    source: hosted
    version: "0.24.6"
  angular:
    description:
      ref: null
      resolved-ref: bbe4d10837803a6ac49d763fb1c6fafb9aa3cdce
      url: "https://github.com/blckur/angular.dart.git"
    source: git
    version: "1.1.2"
  args:
    description: args
    source: hosted
    version: "0.12.2+6"
  barback:
    description: barback
    source: hosted
    version: "0.15.2+7"
  browser:
    description: browser
    source: hosted
    version: "0.10.0+2"
  charcode:
    description: charcode
    source: hosted
    version: "1.1.0"
  cli_util:
    description: cli_util
    source: hosted
    version: "0.0.1+2"
  code_transformers:
    description: code_transformers
    source: hosted
    version: "0.2.9+3"
  collection:
    description: collection
    source: hosted
    version: "1.1.3"
  core_elements:
    description:
      ref: null
      resolved-ref: "156504d175fb6a30b19d4470b9488902ce97ae42"
      url: "https://github.com/blckur/core-elements.git"
    source: git
    version: "0.7.1+3"
  crypto:
    description: crypto
    source: hosted
    version: "0.9.1"
  csslib:
    description: csslib
    source: hosted
    version: "0.12.1"
  dart_style:
    description: dart_style
    source: hosted
    version: "0.1.8+2"
  di:
    description: di
    source: hosted
    version: "3.3.4"
  glob:
    description: glob
    source: hosted
    version: "1.0.5"
  html:
    description: html
    source: hosted
    version: "0.12.2"
  html5lib:
    description: html5lib
    source: hosted
    version: "0.12.1"
  initialize:
    description: initialize
    source: hosted
    version: "0.6.1+2"
  intl:
    description: intl
    source: hosted
    version: "0.12.4+2"
  logging:
    description: logging
    source: hosted
    version: "0.11.2"
  matcher:
    description: matcher
    source: hosted
    version: "0.12.0+1"
  observe:
    description: observe
    source: hosted
    version: "0.13.1+2"
  paper_elements:
    description:
      ref: null
      resolved-ref: d743adccda8a4aae895257bc64c75dbdb329d32d
      url: "https://github.com/blckur/paper-elements.git"
    source: git
    version: "0.7.1+1"
  path:
    description: path
    source: hosted
    version: "1.3.6"
  perf_api:
    description: perf_api
    source: hosted
    version: "0.0.9"
  petitparser:
    description: petitparser
    source: hosted
    version: "1.4.3"
  polymer:
    description:
      ref: null
      resolved-ref: "7a7fdfb0aaf359d153a62e81c5fb8ac2570897b9"
      url: "https://github.com/blckur/polymer-dart.git"
    source: git
    version: "0.16.3+3"
  polymer_expressions:
    description:
      ref: null
      resolved-ref: "768c7ad82129e69cda2d6a339f7aa5d8e857521c"
      url: "https://github.com/blckur/polymer-expressions.git"
    source: git
    version: "0.13.0+2"
  polymer_interop:
    description:
      ref: null
      resolved-ref: cc35cefc9e5ebd91641e115441446a65477cc3a7
      url: "https://github.com/blckur/polymer_interop.git"
    source: git
    version: "0.1.1"
  pool:
    description: pool
    source: hosted
    version: "1.1.0"
  quiver:
    description: quiver
    source: hosted
    version: "0.21.4"
  route_hierarchical:
    description: route_hierarchical
    source: hosted
    version: "0.6.2"
  smoke:
    description: smoke
    source: hosted
    version: "0.3.5"
  source_maps:
    description: source_maps
    source: hosted
    version: "0.10.1"
  source_span:
    description: source_span
    source: hosted
    version: "1.2.1"
  stack_trace:
    description: stack_trace
    source: hosted
    version: "1.4.2"
  string_scanner:
    description: string_scanner
    source: hosted
    version: "0.1.4"
  template_binding:
    description:
      ref: null
      resolved-ref: "1d5ae926c5c6c225829526ee73368f92a7a0dbde"
      url: "https://github.com/blckur/template-binding.git"
    source: git
    version: "0.14.0+2"
  utf:
    description: utf
    source: hosted
    version: "0.9.0+2"
  watcher:
    description: watcher
    source: hosted
    version: "0.9.7"
  web_components:
    description: web_components
    source: hosted
    version: "0.12.0+3"
  when:
    description: when
    source: hosted
    version: "0.2.0"
  which:
    description: which
    source: hosted
    version: "0.1.3"
  yaml:
    description: yaml
    source: hosted
    version: "2.1.7"
